
Microsoft Visual Studio Solution File, Format Version 11.00
# Visual Studio 2010
Project("{FAE04EC0-301F-11D3-BF4B-00C04F79EFBC}") = "ScreenshotManager", "Assembly-CSharp.csproj", "{CCB56751-5F77-03BD-785D-5FAF8CB37F34}"
EndProject
Project("{FAE04EC0-301F-11D3-BF4B-00C04F79EFBC}") = "ScreenshotManager", "Assembly-CSharp-Editor.csproj", "{7A8E55D6-690B-C9AD-C0E6-2352793B5DD6}"
EndProject
Global
	GlobalSection(SolutionConfigurationPlatforms) = preSolution
		Debug|Any CPU = Debug|Any CPU
		Release|Any CPU = Release|Any CPU
	EndGlobalSection
	GlobalSection(ProjectConfigurationPlatforms) = postSolution
		{CCB56751-5F77-03BD-785D-5FAF8CB37F34}.Debug|Any CPU.ActiveCfg = Debug|Any CPU
		{CCB56751-5F77-03BD-785D-5FAF8CB37F34}.Debug|Any CPU.Build.0 = Debug|Any CPU
		{CCB56751-5F77-03BD-785D-5FAF8CB37F34}.Release|Any CPU.ActiveCfg = Release|Any CPU
		{CCB56751-5F77-03BD-785D-5FAF8CB37F34}.Release|Any CPU.Build.0 = Release|Any CPU
		{7A8E55D6-690B-C9AD-C0E6-2352793B5DD6}.Debug|Any CPU.ActiveCfg = Debug|Any CPU
		{7A8E55D6-690B-C9AD-C0E6-2352793B5DD6}.Debug|Any CPU.Build.0 = Debug|Any CPU
		{7A8E55D6-690B-C9AD-C0E6-2352793B5DD6}.Release|Any CPU.ActiveCfg = Release|Any CPU
		{7A8E55D6-690B-C9AD-C0E6-2352793B5DD6}.Release|Any CPU.Build.0 = Release|Any CPU
	EndGlobalSection
	GlobalSection(SolutionProperties) = preSolution
		HideSolutionNode = FALSE
	EndGlobalSection
	GlobalSection(MonoDevelopProperties) = preSolution
		StartupItem = Assembly-CSharp.csproj
	EndGlobalSection
EndGlobal
